
Microsoft Visual Studio Solution File, Format Version 12.00
# Visual Studio Version 17
VisualStudioVersion = 17.1.32319.34
MinimumVisualStudioVersion = 10.0.40219.1
Project("{FAE04EC0-301F-11D3-BF4B-00C04F79EFBC}") = "Learning_Strings_Cshap", "Learning_Strings_Cshap\Learning_Strings_Cshap.csproj", "{4030DF3E-83C8-4EA1-A87B-1C9C350DE3AF}"
EndProject
Global
	GlobalSection(SolutionConfigurationPlatforms) = preSolution
		Debug|Any CPU = Debug|Any CPU
		Release|Any CPU = Release|Any CPU
	EndGlobalSection
	GlobalSection(ProjectConfigurationPlatforms) = postSolution
		{4030DF3E-83C8-4EA1-A87B-1C9C350DE3AF}.Debug|Any CPU.ActiveCfg = Debug|Any CPU
		{4030DF3E-83C8-4EA1-A87B-1C9C350DE3AF}.Debug|Any CPU.Build.0 = Debug|Any CPU
		{4030DF3E-83C8-4EA1-A87B-1C9C350DE3AF}.Release|Any CPU.ActiveCfg = Release|Any CPU
		{4030DF3E-83C8-4EA1-A87B-1C9C350DE3AF}.Release|Any CPU.Build.0 = Release|Any CPU
	EndGlobalSection
	GlobalSection(SolutionProperties) = preSolution
		HideSolutionNode = FALSE
	EndGlobalSection
	GlobalSection(ExtensibilityGlobals) = postSolution
		SolutionGuid = {DDC6F2DE-CD18-49BE-82C2-A803C8586DAE}
	EndGlobalSection
EndGlobal
